PODS:
  - Alamofire (3.4.2)
  - Bolts/Tasks (1.8.4)
  - Parse (1.14.2):
    - Bolts/Tasks (~> 1.8)
  - SwiftyJSON (2.3.2)

DEPENDENCIES:
  - Alamofire
  - Parse (= 1.14.2)
  - SwiftyJSON

SPEC CHECKSUMS:
  Alamofire: 6aa33201d20d069e1598891cf928883ff1888c7a
  Bolts: 8a7995239dbe724f9cba2248b766d48b7ebdd322
  Parse: 4335d65f40cb3d43190d723144bbe1afb9c38230
  SwiftyJSON: 04ccea08915aa0109039157c7974cf0298da292a

PODFILE CHECKSUM: 3f3efcf8e25ca336c2b18a23d126557ab74eee25

COCOAPODS: 1.0.1
